// !$*UTF8*$!
{
	archiveVersion = 1;
	classes = {
	};
	objectVersion = 77;
	objects = {

/* Begin PBXContainerItemProxy section */
		3834E7592DFA7BB600156A30 /* PBXContainerItemProxy */ = {
			isa = PBXContainerItemProxy;
			containerPortal = 3834E73A2DFA7BB500156A30 /* Project object */;
			proxyType = 1;
			remoteGlobalIDString = 3834E7412DFA7BB500156A30;
			remoteInfo = AprendiendoTablas;
		};
		3834E7632DFA7BB700156A30 /* PBXContainerItemProxy */ = {
			isa = PBXContainerItemProxy;
			containerPortal = 3834E73A2DFA7BB500156A30 /* Project object */;
			proxyType = 1;
			remoteGlobalIDString = 3834E7412DFA7BB500156A30;
			remoteInfo = AprendiendoTablas;
		};
/* End PBXContainerItemProxy section */

/* Begin PBXFileReference section */
		3834E7422DFA7BB500156A30 /* AprendiendoTablas.app */ = {isa = PBXFileReference; explicitFileType = wrapper.application; includeInIndex = 0; path = AprendiendoTablas.app; sourceTree = BUILT_PRODUCTS_DIR; };
		3834E7582DFA7BB600156A30 /* AprendiendoTablasTests.xctest */ = {isa = PBXFileReference; explicitFileType = wrapper.cfbundle; includeInIndex = 0; path = AprendiendoTablasTests.xctest; sourceTree = BUILT_PRODUCTS_DIR; };
		3834E7622DFA7BB700156A30 /* AprendiendoTablasUITests.xctest */ = {isa = PBXFileReference; explicitFileType = wrapper.cfbundle; includeInIndex = 0; path = AprendiendoTablasUITests.xctest; sourceTree = BUILT_PRODUCTS_DIR; };
/* End PBXFileReference section */

/* Begin PBXFileSystemSynchronizedBuildFileExceptionSet section */
		3834E76A2DFA7BB700156A30 /* Exceptions for "AprendiendoTablas" folder in "AprendiendoTablas" target */ = {
			isa = PBXFileSystemSynchronizedBuildFileExceptionSet;
			membershipExceptions = (
				Info.plist,
			);
			target = 3834E7412DFA7BB500156A30 /* AprendiendoTablas */;
		};
/* End PBXFileSystemSynchronizedBuildFileExceptionSet section */

/* Begin PBXFileSystemSynchronizedRootGroup section */
		3834E7442DFA7BB500156A30 /* AprendiendoTablas */ = {
			isa = PBXFileSystemSynchronizedRootGroup;
			exceptions = (
				3834E76A2DFA7BB700156A30 /* Exceptions for "AprendiendoTablas" folder in "AprendiendoTablas" target */,
			);
			path = AprendiendoTablas;
			sourceTree = "<group>";
		};
		3834E75B2DFA7BB600156A30 /* AprendiendoTablasTests */ = {
			isa = PBXFileSystemSynchronizedRootGroup;
			path = AprendiendoTablasTests;
			sourceTree = "<group>";
		};
		3834E7652DFA7BB700156A30 /* AprendiendoTablasUITests */ = {
			isa = PBXFileSystemSynchronizedRootGroup;
			path = AprendiendoTablasUITests;
			sourceTree = "<group>";
		};
/* End PBXFileSystemSynchronizedRootGroup section */

/* Begin PBXFrameworksBuildPhase section */
		3834E73F2DFA7BB500156A30 /* Frameworks */ = {
			isa = PBXFrameworksBuildPhase;
			buildActionMask = 2147483647;
			files = (
			);
			runOnlyForDeploymentPostprocessing = 0;
		};
		3834E7552DFA7BB600156A30 /* Frameworks */ = {
			isa = PBXFrameworksBuildPhase;
			buildActionMask = 2147483647;
			files = (
			);
			runOnlyForDeploymentPostprocessing = 0;
		};
		3834E75F2DFA7BB700156A30 /* Frameworks */ = {
			isa = PBXFrameworksBuildPhase;
			buildActionMask = 2147483647;
			files = (
			);
			runOnlyForDeploymentPostprocessing = 0;
		};
/* End PBXFrameworksBuildPhase section */

/* Begin PBXGroup section */
		3834E7392DFA7BB500156A30 = {
			isa = PBXGroup;
			children = (
				3834E7442DFA7BB500156A30 /* AprendiendoTablas */,
				3834E75B2DFA7BB600156A30 /* AprendiendoTablasTests */,
				3834E7652DFA7BB700156A30 /* AprendiendoTablasUITests */,
				3834E7432DFA7BB500156A30 /* Products */,
			);
			sourceTree = "<group>";
		};
		3834E7432DFA7BB500156A30 /* Products */ = {
			isa = PBXGroup;
			children = (
				3834E7422DFA7BB500156A30 /* AprendiendoTablas.app */,
				3834E7582DFA7BB600156A30 /* AprendiendoTablasTests.xctest */,
				3834E7622DFA7BB700156A30 /* AprendiendoTablasUITests.xctest */,
			);
			name = Products;
			sourceTree = "<group>";
		};
/* End PBXGroup section */

/* Begin PBXNativeTarget section */
		3834E7412DFA7BB500156A30 /* AprendiendoTablas */ = {
			isa = PBXNativeTarget;
			buildConfigurationList = 3834E76B2DFA7BB700156A30 /* Build configuration list for PBXNativeTarget "AprendiendoTablas" */;
			buildPhases = (
				3834E73E2DFA7BB500156A30 /* Sources */,
				3834E73F2DFA7BB500156A30 /* Frameworks */,
				3834E7402DFA7BB500156A30 /* Resources */,
			);
			buildRules = (
			);
			dependencies = (
			);
			fileSystemSynchronizedGroups = (
				3834E7442DFA7BB500156A30 /* AprendiendoTablas */,
			);
			name = AprendiendoTablas;
			packageProductDependencies = (
			);
			productName = AprendiendoTablas;
			productReference = 3834E7422DFA7BB500156A30 /* AprendiendoTablas.app */;
			productType = "com.apple.product-type.application";
		};
		3834E7572DFA7BB600156A30 /* AprendiendoTablasTests */ = {
			isa = PBXNativeTarget;
			buildConfigurationList = 3834E7702DFA7BB700156A30 /* Build configuration list for PBXNativeTarget "AprendiendoTablasTests" */;
			buildPhases = (
				3834E7542DFA7BB600156A30 /* Sources */,
				3834E7552DFA7BB600156A30 /* Frameworks */,
				3834E7562DFA7BB600156A30 /* Resources */,
			);
			buildRules = (
			);
			dependencies = (
				3834E75A2DFA7BB600156A30 /* PBXTargetDependency */,
			);
			fileSystemSynchronizedGroups = (
				3834E75B2DFA7BB600156A30 /* AprendiendoTablasTests */,
			);
			name = AprendiendoTablasTests;
			packageProductDependencies = (
			);
			productName = AprendiendoTablasTests;
			productReference = 3834E7582DFA7BB600156A30 /* AprendiendoTablasTests.xctest */;
			productType = "com.apple.product-type.bundle.unit-test";
		};
		3834E7612DFA7BB700156A30 /* AprendiendoTablasUITests */ = {
			isa = PBXNativeTarget;
			buildConfigurationList = 3834E7732DFA7BB700156A30 /* Build configuration list for PBXNativeTarget "AprendiendoTablasUITests" */;
			buildPhases = (
				3834E75E2DFA7BB700156A30 /* Sources */,
				3834E75F2DFA7BB700156A30 /* Frameworks */,
				3834E7602DFA7BB700156A30 /* Resources */,
			);
			buildRules = (
			);
			dependencies = (
				3834E7642DFA7BB700156A30 /* PBXTargetDependency */,
			);
			fileSystemSynchronizedGroups = (
				3834E7652DFA7BB700156A30 /* AprendiendoTablasUITests */,
			);
			name = AprendiendoTablasUITests;
			packageProductDependencies = (
			);
			productName = AprendiendoTablasUITests;
			productReference = 3834E7622DFA7BB700156A30 /* AprendiendoTablasUITests.xctest */;
			productType = "com.apple.product-type.bundle.ui-testing";
		};
/* End PBXNativeTarget section */

/* Begin PBXProject section */
		3834E73A2DFA7BB500156A30 /* Project object */ = {
			isa = PBXProject;
			attributes = {
				BuildIndependentTargetsInParallel = 1;
				LastSwiftUpdateCheck = 1630;
				LastUpgradeCheck = 1630;
				TargetAttributes = {
					3834E7412DFA7BB500156A30 = {
						CreatedOnToolsVersion = 16.3;
					};
					3834E7572DFA7BB600156A30 = {
						CreatedOnToolsVersion = 16.3;
						TestTargetID = 3834E7412DFA7BB500156A30;
					};
					3834E7612DFA7BB700156A30 = {
						CreatedOnToolsVersion = 16.3;
						TestTargetID = 3834E7412DFA7BB500156A30;
					};
				};
			};
			buildConfigurationList = 3834E73D2DFA7BB500156A30 /* Build configuration list for PBXProject "AprendiendoTablas" */;
			developmentRegion = en;
			hasScannedForEncodings = 0;
			knownRegions = (
				en,
				Base,
			);
			mainGroup = 3834E7392DFA7BB500156A30;
			minimizedProjectReferenceProxies = 1;
			preferredProjectObjectVersion = 77;
			productRefGroup = 3834E7432DFA7BB500156A30 /* Products */;
			projectDirPath = "";
			projectRoot = "";
			targets = (
				3834E7412DFA7BB500156A30 /* AprendiendoTablas */,
				3834E7572DFA7BB600156A30 /* AprendiendoTablasTests */,
				3834E7612DFA7BB700156A30 /* AprendiendoTablasUITests */,
			);
		};
/* End PBXProject section */

/* Begin PBXResourcesBuildPhase section */
		3834E7402DFA7BB500156A30 /* Resources */ = {
			isa = PBXResourcesBuildPhase;
			buildActionMask = 2147483647;
			files = (
			);
			runOnlyForDeploymentPostprocessing = 0;
		};
		3834E7562DFA7BB600156A30 /* Resources */ = {
			isa = PBXResourcesBuildPhase;
			buildActionMask = 2147483647;
			files = (
			);
			runOnlyForDeploymentPostprocessing = 0;
		};
		3834E7602DFA7BB700156A30 /* Resources */ = {
			isa = PBXResourcesBuildPhase;
			buildActionMask = 2147483647;
			files = (
			);
			runOnlyForDeploymentPostprocessing = 0;
		};
/* End PBXResourcesBuildPhase section */

/* Begin PBXSourcesBuildPhase section */
		3834E73E2DFA7BB500156A30 /* Sources */ = {
			isa = PBXSourcesBuildPhase;
			buildActionMask = 2147483647;
			files = (
			);
			runOnlyForDeploymentPostprocessing = 0;
		};
		3834E7542DFA7BB600156A30 /* Sources */ = {
			isa = PBXSourcesBuildPhase;
			buildActionMask = 2147483647;
			files = (
			);
			runOnlyForDeploymentPostprocessing = 0;
		};
		3834E75E2DFA7BB700156A30 /* Sources */ = {
			isa = PBXSourcesBuildPhase;
			buildActionMask = 2147483647;
			files = (
			);
			runOnlyForDeploymentPostprocessing = 0;
		};
/* End PBXSourcesBuildPhase section */

/* Begin PBXTargetDependency section */
		3834E75A2DFA7BB600156A30 /* PBXTargetDependency */ = {
			isa = PBXTargetDependency;
			target = 3834E7412DFA7BB500156A30 /* AprendiendoTablas */;
			targetProxy = 3834E7592DFA7BB600156A30 /* PBXContainerItemProxy */;
		};
		3834E7642DFA7BB700156A30 /* PBXTargetDependency */ = {
			isa = PBXTargetDependency;
			target = 3834E7412DFA7BB500156A30 /* AprendiendoTablas */;
			targetProxy = 3834E7632DFA7BB700156A30 /* PBXContainerItemProxy */;
		};
/* End PBXTargetDependency section */

/* Begin XCBuildConfiguration section */
		3834E76C2DFA7BB700156A30 /* Debug */ = {
			isa = XCBuildConfiguration;
			buildSettings = {
				ASSETCATALOG_COMPILER_APPICON_NAME = AppIcon;
				ASSETCATALOG_COMPILER_GLOBAL_ACCENT_COLOR_NAME = AccentColor;
				CODE_SIGN_STYLE = Automatic;
				CURRENT_PROJECT_VERSION = 1;
				GENERATE_INFOPLIST_FILE = YES;
				INFOPLIST_FILE = AprendiendoTablas/Info.plist;
				INFOPLIST_KEY_UIApplicationSupportsIndirectInputEvents = YES;
				INFOPLIST_KEY_UILaunchStoryboardName = LaunchScreen;
				INFOPLIST_KEY_UIMainStoryboardFile = Main;
				INFOPLIST_KEY_UISupportedInterfaceOrientations_iPad = "UIInterfaceOrientationPortrait UIInterfaceOrientationPortraitUpsideDown UIInterfaceOrientationLandscapeLeft UIInterfaceOrientationLandscapeRight";
				INFOPLIST_KEY_UISupportedInterfaceOrientations_iPhone = "UIInterfaceOrientationPortrait UIInterfaceOrientationLandscapeLeft UIInterfaceOrientationLandscapeRight";
				LD_RUNPATH_SEARCH_PATHS = (
					"$(inherited)",
					"@executable_path/Frameworks",
				);
				MARKETING_VERSION = 1.0;
				PRODUCT_BUNDLE_IDENTIFIER = com.andresfls.AprendiendoTablas;
				PRODUCT_NAME = "$(TARGET_NAME)";
				SWIFT_EMIT_LOC_STRINGS = YES;
				SWIFT_VERSION = 5.0;
				TARGETED_DEVICE_FAMILY = "1,2";
			};
			name = Debug;
		};
		3834E76D2DFA7BB700156A30 /* Release */ = {
			isa = XCBuildConfiguration;
			buildSettings = {
				ASSETCATALOG_COMPILER_APPICON_NAME = AppIcon;
				ASSETCATALOG_COMPILER_GLOBAL_ACCENT_COLOR_NAME = AccentColor;
				CODE_SIGN_STYLE = Automatic;
				CURRENT_PROJECT_VERSION = 1;
				GENERATE_INFOPLIST_FILE = YES;
				INFOPLIST_FILE = AprendiendoTablas/Info.plist;
				INFOPLIST_KEY_UIApplicationSupportsIndirectInputEvents = YES;
				INFOPLIST_KEY_UILaunchStoryboardName = LaunchScreen;
				INFOPLIST_KEY_UIMainStoryboardFile = Main;
				INFOPLIST_KEY_UISupportedInterfaceOrientations_iPad = "UIInterfaceOrientationPortrait UIInterfaceOrientationPortraitUpsideDown UIInterfaceOrientationLandscapeLeft UIInterfaceOrientationLandscapeRight";
				INFOPLIST_KEY_UISupportedInterfaceOrientations_iPhone = "UIInterfaceOrientationPortrait UIInterfaceOrientationLandscapeLeft UIInterfaceOrientationLandscapeRight";
				LD_RUNPATH_SEARCH_PATHS = (
					"$(inherited)",
					"@executable_path/Frameworks",
				);
				MARKETING_VERSION = 1.0;
				PRODUCT_BUNDLE_IDENTIFIER = com.andresfls.AprendiendoTablas;
				PRODUCT_NAME = "$(TARGET_NAME)";
				SWIFT_EMIT_LOC_STRINGS = YES;
				SWIFT_VERSION = 5.0;
				TARGETED_DEVICE_FAMILY = "1,2";
			};
			name = Release;
		};
		3834E76E2DFA7BB700156A30 /* Debug */ = {
			isa = XCBuildConfiguration;
			buildSettings = {
				ALWAYS_SEARCH_USER_PATHS = NO;
				ASSETCATALOG_COMPILER_GENERATE_SWIFT_ASSET_SYMBOL_EXTENSIONS = YES;
				CLANG_ANALYZER_NONNULL = YES;
				CLANG_ANALYZER_NUMBER_OBJECT_CONVERSION = YES_AGGRESSIVE;
				CLANG_CXX_LANGUAGE_STANDARD = "gnu++20";
				CLANG_ENABLE_MODULES = YES;
				CLANG_ENABLE_OBJC_ARC = YES;
				CLANG_ENABLE_OBJC_WEAK = YES;
				CLANG_WARN_BLOCK_CAPTURE_AUTORELEASING = YES;
				CLANG_WARN_BOOL_CONVERSION = YES;
				CLANG_WARN_COMMA = YES;
				CLANG_WARN_CONSTANT_CONVERSION = YES;
				CLANG_WARN_DEPRECATED_OBJC_IMPLEMENTATIONS = YES;
				CLANG_WARN_DIRECT_OBJC_ISA_USAGE = YES_ERROR;
				CLANG_WARN_DOCUMENTATION_COMMENTS = YES;
				CLANG_WARN_EMPTY_BODY = YES;
				CLANG_WARN_ENUM_CONVERSION = YES;
				CLANG_WARN_INFINITE_RECURSION = YES;
				CLANG_WARN_INT_CONVERSION = YES;
				CLANG_WARN_NON_LITERAL_NULL_CONVERSION = YES;
				CLANG_WARN_OBJC_IMPLICIT_RETAIN_SELF = YES;
				CLANG_WARN_OBJC_LITERAL_CONVERSION = YES;
				CLANG_WARN_OBJC_ROOT_CLASS = YES_ERROR;
				CLANG_WARN_QUOTED_INCLUDE_IN_FRAMEWORK_HEADER = YES;
				CLANG_WARN_RANGE_LOOP_ANALYSIS = YES;
				CLANG_WARN_STRICT_PROTOTYPES = YES;
				CLANG_WARN_SUSPICIOUS_MOVE = YES;
				CLANG_WARN_UNGUARDED_AVAILABILITY = YES_AGGRESSIVE;
				CLANG_WARN_UNREACHABLE_CODE = YES;
				CLANG_WARN__DUPLICATE_METHOD_MATCH = YES;
				COPY_PHASE_STRIP = NO;
				DEBUG_INFORMATION_FORMAT = dwarf;
				ENABLE_STRICT_OBJC_MSGSEND = YES;
				ENABLE_TESTABILITY = YES;
				ENABLE_USER_SCRIPT_SANDBOXING = YES;
				GCC_C_LANGUAGE_STANDARD = gnu17;
				GCC_DYNAMIC_NO_PIC = NO;
				GCC_NO_COMMON_BLOCKS = YES;
				GCC_OPTIMIZATION_LEVEL = 0;
				GCC_PREPROCESSOR_DEFINITIONS = (
					"DEBUG=1",
					"$(inherited)",
				);
				GCC_WARN_64_TO_32_BIT_CONVERSION = YES;
				GCC_WARN_ABOUT_RETURN_TYPE = YES_ERROR;
				GCC_WARN_UNDECLARED_SELECTOR = YES;
				GCC_WARN_UNINITIALIZED_AUTOS = YES_AGGRESSIVE;
				GCC_WARN_UNUSED_FUNCTION = YES;
				GCC_WARN_UNUSED_VARIABLE = YES;
				IPHONEOS_DEPLOYMENT_TARGET = 18.4;
				LOCALIZATION_PREFERS_STRING_CATALOGS = YES;
				MTL_ENABLE_DEBUG_INFO = INCLUDE_SOURCE;
				MTL_FAST_MATH = YES;
				ONLY_ACTIVE_ARCH = YES;
				SDKROOT = iphoneos;
				SWIFT_ACTIVE_COMPILATION_CONDITIONS = "DEBUG $(inherited)";
				SWIFT_OPTIMIZATION_LEVEL = "-Onone";
			};
			name = Debug;
		};
		3834E76F2DFA7BB700156A30 /* Release */ = {
			isa = XCBuildConfiguration;
			buildSettings = {
				ALWAYS_SEARCH_USER_PATHS = NO;
				ASSETCATALOG_COMPILER_GENERATE_SWIFT_ASSET_SYMBOL_EXTENSIONS = YES;
				CLANG_ANALYZER_NONNULL = YES;
				CLANG_ANALYZER_NUMBER_OBJECT_CONVERSION = YES_AGGRESSIVE;
				CLANG_CXX_LANGUAGE_STANDARD = "gnu++20";
				CLANG_ENABLE_MODULES = YES;
				CLANG_ENABLE_OBJC_ARC = YES;
				CLANG_ENABLE_OBJC_WEAK = YES;
				CLANG_WARN_BLOCK_CAPTURE_AUTORELEASING = YES;
				CLANG_WARN_BOOL_CONVERSION = YES;
				CLANG_WARN_COMMA = YES;
				CLANG_WARN_CONSTANT_CONVERSION = YES;
				CLANG_WARN_DEPRECATED_OBJC_IMPLEMENTATIONS = YES;
				CLANG_WARN_DIRECT_OBJC_ISA_USAGE = YES_ERROR;
				CLANG_WARN_DOCUMENTATION_COMMENTS = YES;
				CLANG_WARN_EMPTY_BODY = YES;
				CLANG_WARN_ENUM_CONVERSION = YES;
				CLANG_WARN_INFINITE_RECURSION = YES;
				CLANG_WARN_INT_CONVERSION = YES;
				CLANG_WARN_NON_LITERAL_NULL_CONVERSION = YES;
				CLANG_WARN_OBJC_IMPLICIT_RETAIN_SELF = YES;
				CLANG_WARN_OBJC_LITERAL_CONVERSION = YES;
				CLANG_WARN_OBJC_ROOT_CLASS = YES_ERROR;
				CLANG_WARN_QUOTED_INCLUDE_IN_FRAMEWORK_HEADER = YES;
				CLANG_WARN_RANGE_LOOP_ANALYSIS = YES;
				CLANG_WARN_STRICT_PROTOTYPES = YES;
				CLANG_WARN_SUSPICIOUS_MOVE = YES;
				CLANG_WARN_UNGUARDED_AVAILABILITY = YES_AGGRESSIVE;
				CLANG_WARN_UNREACHABLE_CODE = YES;
				CLANG_WARN__DUPLICATE_METHOD_MATCH = YES;
				COPY_PHASE_STRIP = NO;
				DEBUG_INFORMATION_FORMAT = "dwarf-with-dsym";
				ENABLE_NS_ASSERTIONS = NO;
				ENABLE_STRICT_OBJC_MSGSEND = YES;
				ENABLE_USER_SCRIPT_SANDBOXING = YES;
				GCC_C_LANGUAGE_STANDARD = gnu17;
				GCC_NO_COMMON_BLOCKS = YES;
				GCC_WARN_64_TO_32_BIT_CONVERSION = YES;
				GCC_WARN_ABOUT_RETURN_TYPE = YES_ERROR;
				GCC_WARN_UNDECLARED_SELECTOR = YES;
				GCC_WARN_UNINITIALIZED_AUTOS = YES_AGGRESSIVE;
				GCC_WARN_UNUSED_FUNCTION = YES;
				GCC_WARN_UNUSED_VARIABLE = YES;
				IPHONEOS_DEPLOYMENT_TARGET = 18.4;
				LOCALIZATION_PREFERS_STRING_CATALOGS = YES;
				MTL_ENABLE_DEBUG_INFO = NO;
				MTL_FAST_MATH = YES;
				SDKROOT = iphoneos;
				SWIFT_COMPILATION_MODE = wholemodule;
				VALIDATE_PRODUCT = YES;
			};
			name = Release;
		};
		3834E7712DFA7BB700156A30 /* Debug */ = {
			isa = XCBuildConfiguration;
			buildSettings = {
				BUNDLE_LOADER = "$(TEST_HOST)";
				CODE_SIGN_STYLE = Automatic;
				CURRENT_PROJECT_VERSION = 1;
				GENERATE_INFOPLIST_FILE = YES;
				IPHONEOS_DEPLOYMENT_TARGET = 18.4;
				MARKETING_VERSION = 1.0;
				PRODUCT_BUNDLE_IDENTIFIER = com.andresfls.AprendiendoTablasTests;
				PRODUCT_NAME = "$(TARGET_NAME)";
				SWIFT_EMIT_LOC_STRINGS = NO;
				SWIFT_VERSION = 5.0;
				TARGETED_DEVICE_FAMILY = "1,2";
				TEST_HOST = "$(BUILT_PRODUCTS_DIR)/AprendiendoTablas.app/$(BUNDLE_EXECUTABLE_FOLDER_PATH)/AprendiendoTablas";
			};
			name = Debug;
		};
		3834E7722DFA7BB700156A30 /* Release */ = {
			isa = XCBuildConfiguration;
			buildSettings = {
				BUNDLE_LOADER = "$(TEST_HOST)";
				CODE_SIGN_STYLE = Automatic;
				CURRENT_PROJECT_VERSION = 1;
				GENERATE_INFOPLIST_FILE = YES;
				IPHONEOS_DEPLOYMENT_TARGET = 18.4;
				MARKETING_VERSION = 1.0;
				PRODUCT_BUNDLE_IDENTIFIER = com.andresfls.AprendiendoTablasTests;
				PRODUCT_NAME = "$(TARGET_NAME)";
				SWIFT_EMIT_LOC_STRINGS = NO;
				SWIFT_VERSION = 5.0;
				TARGETED_DEVICE_FAMILY = "1,2";
				TEST_HOST = "$(BUILT_PRODUCTS_DIR)/AprendiendoTablas.app/$(BUNDLE_EXECUTABLE_FOLDER_PATH)/AprendiendoTablas";
			};
			name = Release;
		};
		3834E7742DFA7BB700156A30 /* Debug */ = {
			isa = XCBuildConfiguration;
			buildSettings = {
				CODE_SIGN_STYLE = Automatic;
				CURRENT_PROJECT_VERSION = 1;
				GENERATE_INFOPLIST_FILE = YES;
				MARKETING_VERSION = 1.0;
				PRODUCT_BUNDLE_IDENTIFIER = com.andresfls.AprendiendoTablasUITests;
				PRODUCT_NAME = "$(TARGET_NAME)";
				SWIFT_EMIT_LOC_STRINGS = NO;
				SWIFT_VERSION = 5.0;
				TARGETED_DEVICE_FAMILY = "1,2";
				TEST_TARGET_NAME = AprendiendoTablas;
			};
			name = Debug;
		};
		3834E7752DFA7BB700156A30 /* Release */ = {
			isa = XCBuildConfiguration;
			buildSettings = {
				CODE_SIGN_STYLE = Automatic;
				CURRENT_PROJECT_VERSION = 1;
				GENERATE_INFOPLIST_FILE = YES;
				MARKETING_VERSION = 1.0;
				PRODUCT_BUNDLE_IDENTIFIER = com.andresfls.AprendiendoTablasUITests;
				PRODUCT_NAME = "$(TARGET_NAME)";
				SWIFT_EMIT_LOC_STRINGS = NO;
				SWIFT_VERSION = 5.0;
				TARGETED_DEVICE_FAMILY = "1,2";
				TEST_TARGET_NAME = AprendiendoTablas;
			};
			name = Release;
		};
/* End XCBuildConfiguration section */

/* Begin XCConfigurationList section */
		3834E73D2DFA7BB500156A30 /* Build configuration list for PBXProject "AprendiendoTablas" */ = {
			isa = XCConfigurationList;
			buildConfigurations = (
				3834E76E2DFA7BB700156A30 /* Debug */,
				3834E76F2DFA7BB700156A30 /* Release */,
			);
			defaultConfigurationIsVisible = 0;
			defaultConfigurationName = Release;
		};
		3834E76B2DFA7BB700156A30 /* Build configuration list for PBXNativeTarget "AprendiendoTablas" */ = {
			isa = XCConfigurationList;
			buildConfigurations = (
				3834E76C2DFA7BB700156A30 /* Debug */,
				3834E76D2DFA7BB700156A30 /* Release */,
			);
			defaultConfigurationIsVisible = 0;
			defaultConfigurationName = Release;
		};
		3834E7702DFA7BB700156A30 /* Build configuration list for PBXNativeTarget "AprendiendoTablasTests" */ = {
			isa = XCConfigurationList;
			buildConfigurations = (
				3834E7712DFA7BB700156A30 /* Debug */,
				3834E7722DFA7BB700156A30 /* Release */,
			);
			defaultConfigurationIsVisible = 0;
			defaultConfigurationName = Release;
		};
		3834E7732DFA7BB700156A30 /* Build configuration list for PBXNativeTarget "AprendiendoTablasUITests" */ = {
			isa = XCConfigurationList;
			buildConfigurations = (
				3834E7742DFA7BB700156A30 /* Debug */,
				3834E7752DFA7BB700156A30 /* Release */,
			);
			defaultConfigurationIsVisible = 0;
			defaultConfigurationName = Release;
		};
/* End XCConfigurationList section */
	};
	rootObject = 3834E73A2DFA7BB500156A30 /* Project object */;
}
